
Microsoft Visual Studio Solution File, Format Version 12.00
# Visual Studio Version 16
VisualStudioVersion = 16.0.30621.155
MinimumVisualStudioVersion = 10.0.40219.1
Project("{FAE04EC0-301F-11D3-BF4B-00C04F79EFBC}") = "Lab03", "Lab03\Lab03.csproj", "{4CD6B85B-CEA9-4C62-9EF1-8D0B5101CEC5}"
EndProject
Project("{FAE04EC0-301F-11D3-BF4B-00C04F79EFBC}") = "WpfApp1", "WpfApp1\WpfApp1.csproj", "{D3214062-8EA7-4F82-8C13-CBD3DA8A1ADC}"
EndProject
Global
	GlobalSection(SolutionConfigurationPlatforms) = preSolution
		Debug|Any CPU = Debug|Any CPU
		Release|Any CPU = Release|Any CPU
	EndGlobalSection
	GlobalSection(ProjectConfigurationPlatforms) = postSolution
		{4CD6B85B-CEA9-4C62-9EF1-8D0B5101CEC5}.Debug|Any CPU.ActiveCfg = Debug|Any CPU
		{4CD6B85B-CEA9-4C62-9EF1-8D0B5101CEC5}.Debug|Any CPU.Build.0 = Debug|Any CPU
		{4CD6B85B-CEA9-4C62-9EF1-8D0B5101CEC5}.Release|Any CPU.ActiveCfg = Release|Any CPU
		{4CD6B85B-CEA9-4C62-9EF1-8D0B5101CEC5}.Release|Any CPU.Build.0 = Release|Any CPU
		{D3214062-8EA7-4F82-8C13-CBD3DA8A1ADC}.Debug|Any CPU.ActiveCfg = Debug|Any CPU
		{D3214062-8EA7-4F82-8C13-CBD3DA8A1ADC}.Debug|Any CPU.Build.0 = Debug|Any CPU
		{D3214062-8EA7-4F82-8C13-CBD3DA8A1ADC}.Release|Any CPU.ActiveCfg = Release|Any CPU
		{D3214062-8EA7-4F82-8C13-CBD3DA8A1ADC}.Release|Any CPU.Build.0 = Release|Any CPU
	EndGlobalSection
	GlobalSection(SolutionProperties) = preSolution
		HideSolutionNode = FALSE
	EndGlobalSection
	GlobalSection(ExtensibilityGlobals) = postSolution
		SolutionGuid = {E65A6571-73D0-4883-8142-A6230ACA6F07}
	EndGlobalSection
EndGlobal
